
Microsoft Visual Studio Solution File, Format Version 12.00
# Visual Studio Version 17
VisualStudioVersion = 17.14.36301.6 d17.14
MinimumVisualStudioVersion = 10.0.40219.1
Project("{FAE04EC0-301F-11D3-BF4B-00C04F79EFBC}") = "Assignment07_opp", "Assignment07_opp\Assignment07_opp.csproj", "{F43E3F4F-36F0-425F-8E08-5E5998B98FF9}"
EndProject
Global
	GlobalSection(SolutionConfigurationPlatforms) = preSolution
		Debug|Any CPU = Debug|Any CPU
		Release|Any CPU = Release|Any CPU
	EndGlobalSection
	GlobalSection(ProjectConfigurationPlatforms) = postSolution
		{F43E3F4F-36F0-425F-8E08-5E5998B98FF9}.Debug|Any CPU.ActiveCfg = Debug|Any CPU
		{F43E3F4F-36F0-425F-8E08-5E5998B98FF9}.Debug|Any CPU.Build.0 = Debug|Any CPU
		{F43E3F4F-36F0-425F-8E08-5E5998B98FF9}.Release|Any CPU.ActiveCfg = Release|Any CPU
		{F43E3F4F-36F0-425F-8E08-5E5998B98FF9}.Release|Any CPU.Build.0 = Release|Any CPU
	EndGlobalSection
	GlobalSection(SolutionProperties) = preSolution
		HideSolutionNode = FALSE
	EndGlobalSection
	GlobalSection(ExtensibilityGlobals) = postSolution
		SolutionGuid = {11C3CB43-21AB-4C6A-8DC9-A8579613A55E}
	EndGlobalSection
EndGlobal
